
Microsoft Visual Studio Solution File, Format Version 12.00
# Visual Studio Version 16
VisualStudioVersion = 16.0.29920.165
MinimumVisualStudioVersion = 10.0.40219.1
Project("{FAE04EC0-301F-11D3-BF4B-00C04F79EFBC}") = "Server", "Server.csproj", "{FE986B3B-B54D-4BA3-BB4B-6C92051BE0A1}"
EndProject
Project("{FAE04EC0-301F-11D3-BF4B-00C04F79EFBC}") = "Client", "..\Client\Client.csproj", "{B8E65FEF-E321-4312-AA41-96E7582915B2}"
EndProject
Global
	GlobalSection(SolutionConfigurationPlatforms) = preSolution
		Debug|Any CPU = Debug|Any CPU
		Release|Any CPU = Release|Any CPU
	EndGlobalSection
	GlobalSection(ProjectConfigurationPlatforms) = postSolution
		{FE986B3B-B54D-4BA3-BB4B-6C92051BE0A1}.Debug|Any CPU.ActiveCfg = Debug|Any CPU
		{FE986B3B-B54D-4BA3-BB4B-6C92051BE0A1}.Debug|Any CPU.Build.0 = Debug|Any CPU
		{FE986B3B-B54D-4BA3-BB4B-6C92051BE0A1}.Release|Any CPU.ActiveCfg = Release|Any CPU
		{FE986B3B-B54D-4BA3-BB4B-6C92051BE0A1}.Release|Any CPU.Build.0 = Release|Any CPU
		{B8E65FEF-E321-4312-AA41-96E7582915B2}.Debug|Any CPU.ActiveCfg = Debug|Any CPU
		{B8E65FEF-E321-4312-AA41-96E7582915B2}.Debug|Any CPU.Build.0 = Debug|Any CPU
		{B8E65FEF-E321-4312-AA41-96E7582915B2}.Release|Any CPU.ActiveCfg = Release|Any CPU
		{B8E65FEF-E321-4312-AA41-96E7582915B2}.Release|Any CPU.Build.0 = Release|Any CPU
	EndGlobalSection
	GlobalSection(SolutionProperties) = preSolution
		HideSolutionNode = FALSE
	EndGlobalSection
	GlobalSection(ExtensibilityGlobals) = postSolution
		SolutionGuid = {949BEDA6-013C-4337-ADFF-4A48BA64C82B}
	EndGlobalSection
EndGlobal
